
Microsoft Visual Studio Solution File, Format Version 12.00
# Visual Studio Version 16
VisualStudioVersion = 16.0.30803.129
MinimumVisualStudioVersion = 10.0.40219.1
Project("{FAE04EC0-301F-11D3-BF4B-00C04F79EFBC}") = "WorldCleanup", "WorldCleanup\WorldCleanup.csproj", "{6171B8C9-F18F-4819-AE1F-68D6F9229F34}"
EndProject
Global
	GlobalSection(SolutionConfigurationPlatforms) = preSolution
		Release|Any CPU = Release|Any CPU
	EndGlobalSection
	GlobalSection(ProjectConfigurationPlatforms) = postSolution
		{6171B8C9-F18F-4819-AE1F-68D6F9229F34}.Release|Any CPU.ActiveCfg = Release|Any CPU
		{6171B8C9-F18F-4819-AE1F-68D6F9229F34}.Release|Any CPU.Build.0 = Release|Any CPU
	EndGlobalSection
	GlobalSection(SolutionProperties) = preSolution
		HideSolutionNode = FALSE
	EndGlobalSection
	GlobalSection(ExtensibilityGlobals) = postSolution
		SolutionGuid = {1F3F0415-9A36-4D2C-8923-811D22C7533F}
	EndGlobalSection
EndGlobal
